// !$*UTF8*$!
{
	archiveVersion = 1;
	classes = {
	};
	objectVersion = 46;
	objects = {

/* Begin PBXBuildFile section */
		BB67225113EFC4190076E67D /* Model.xcdatamodeld in Sources */ = {isa = PBXBuildFile; fileRef = BB67224F13EFC4190076E67D /* Model.xcdatamodeld */; };
		BB67225513EFC48F0076E67D /* Table1.m in Sources */ = {isa = PBXBuildFile; fileRef = BB67225413EFC48F0076E67D /* Table1.m */; };
		BB67225B13EFC88E0076E67D /* CoreData.framework in Frameworks */ = {isa = PBXBuildFile; fileRef = BB67225A13EFC88E0076E67D /* CoreData.framework */; };
		BBC0763713EBB623008F80DF /* UIKit.framework in Frameworks */ = {isa = PBXBuildFile; fileRef = BBC0763613EBB623008F80DF /* UIKit.framework */; };
		BBC0763913EBB623008F80DF /* Foundation.framework in Frameworks */ = {isa = PBXBuildFile; fileRef = BBC0763813EBB623008F80DF /* Foundation.framework */; };
		BBC0763B13EBB623008F80DF /* CoreGraphics.framework in Frameworks */ = {isa = PBXBuildFile; fileRef = BBC0763A13EBB623008F80DF /* CoreGraphics.framework */; };
		BBC0764113EBB623008F80DF /* InfoPlist.strings in Resources */ = {isa = PBXBuildFile; fileRef = BBC0763F13EBB623008F80DF /* InfoPlist.strings */; };
		BBC0764413EBB623008F80DF /* main.m in Sources */ = {isa = PBXBuildFile; fileRef = BBC0764313EBB623008F80DF /* main.m */; };
		BBC0764713EBB623008F80DF /* AccessLocalCalendarAppDelegate.m in Sources */ = {isa = PBXBuildFile; fileRef = BBC0764613EBB623008F80DF /* AccessLocalCalendarAppDelegate.m */; };
		BBC0764A13EBB623008F80DF /* MainWindow.xib in Resources */ = {isa = PBXBuildFile; fileRef = BBC0764813EBB623008F80DF /* MainWindow.xib */; };
		BBC0764D13EBB623008F80DF /* AccessLocalCalendarViewController.m in Sources */ = {isa = PBXBuildFile; fileRef = BBC0764C13EBB623008F80DF /* AccessLocalCalendarViewController.m */; };
		BBC0765013EBB623008F80DF /* AccessLocalCalendarViewController.xib in Resources */ = {isa = PBXBuildFile; fileRef = BBC0764E13EBB623008F80DF /* AccessLocalCalendarViewController.xib */; };
		BBC0765713EBB635008F80DF /* EventKit.framework in Frameworks */ = {isa = PBXBuildFile; fileRef = BBC0765613EBB635008F80DF /* EventKit.framework */; };
		BBC0765913EBB63F008F80DF /* EventKitUI.framework in Frameworks */ = {isa = PBXBuildFile; fileRef = BBC0765813EBB63F008F80DF /* EventKitUI.framework */; };
/* End PBXBuildFile section */

/* Begin PBXFileReference section */
		BB67225013EFC4190076E67D /* Model.xcdatamodel */ = {isa = PBXFileReference; lastKnownFileType = wrapper.xcdatamodel; path = Model.xcdatamodel; sourceTree = "<group>"; };
		BB67225313EFC48F0076E67D /* Table1.h */ = {isa = PBXFileReference; fileEncoding = 4; lastKnownFileType = sourcecode.c.h; path = Table1.h; sourceTree = "<group>"; };
		BB67225413EFC48F0076E67D /* Table1.m */ = {isa = PBXFileReference; fileEncoding = 4; lastKnownFileType = sourcecode.c.objc; path = Table1.m; sourceTree = "<group>"; };
		BB67225A13EFC88E0076E67D /* CoreData.framework */ = {isa = PBXFileReference; lastKnownFileType = wrapper.framework; name = CoreData.framework; path = System/Library/Frameworks/CoreData.framework; sourceTree = SDKROOT; };
		BBC0763213EBB622008F80DF /* AccessLocalCalendar.app */ = {isa = PBXFileReference; explicitFileType = wrapper.application; includeInIndex = 0; path = AccessLocalCalendar.app; sourceTree = BUILT_PRODUCTS_DIR; };
		BBC0763613EBB623008F80DF /* UIKit.framework */ = {isa = PBXFileReference; lastKnownFileType = wrapper.framework; name = UIKit.framework; path = System/Library/Frameworks/UIKit.framework; sourceTree = SDKROOT; };
		BBC0763813EBB623008F80DF /* Foundation.framework */ = {isa = PBXFileReference; lastKnownFileType = wrapper.framework; name = Foundation.framework; path = System/Library/Frameworks/Foundation.framework; sourceTree = SDKROOT; };
		BBC0763A13EBB623008F80DF /* CoreGraphics.framework */ = {isa = PBXFileReference; lastKnownFileType = wrapper.framework; name = CoreGraphics.framework; path = System/Library/Frameworks/CoreGraphics.framework; sourceTree = SDKROOT; };
		BBC0763E13EBB623008F80DF /* AccessLocalCalendar-Info.plist */ = {isa = PBXFileReference; lastKnownFileType = text.plist.xml; path = "AccessLocalCalendar-Info.plist"; sourceTree = "<group>"; };
		BBC0764013EBB623008F80DF /* en */ = {isa = PBXFileReference; lastKnownFileType = text.plist.strings; name = en; path = en.lproj/InfoPlist.strings; sourceTree = "<group>"; };
		BBC0764213EBB623008F80DF /* AccessLocalCalendar-Prefix.pch */ = {isa = PBXFileReference; lastKnownFileType = sourcecode.c.h; path = "AccessLocalCalendar-Prefix.pch"; sourceTree = "<group>"; };
		BBC0764313EBB623008F80DF /* main.m */ = {isa = PBXFileReference; lastKnownFileType = sourcecode.c.objc; path = main.m; sourceTree = "<group>"; };
		BBC0764513EBB623008F80DF /* AccessLocalCalendarAppDelegate.h */ = {isa = PBXFileReference; lastKnownFileType = sourcecode.c.h; path = AccessLocalCalendarAppDelegate.h; sourceTree = "<group>"; };
		BBC0764613EBB623008F80DF /* AccessLocalCalendarAppDelegate.m */ = {isa = PBXFileReference; lastKnownFileType = sourcecode.c.objc; path = AccessLocalCalendarAppDelegate.m; sourceTree = "<group>"; };
		BBC0764913EBB623008F80DF /* en */ = {isa = PBXFileReference; lastKnownFileType = file.xib; name = en; path = en.lproj/MainWindow.xib; sourceTree = "<group>"; };
		BBC0764B13EBB623008F80DF /* AccessLocalCalendarViewController.h */ = {isa = PBXFileReference; lastKnownFileType = sourcecode.c.h; path = AccessLocalCalendarViewController.h; sourceTree = "<group>"; };
		BBC0764C13EBB623008F80DF /* AccessLocalCalendarViewController.m */ = {isa = PBXFileReference; lastKnownFileType = sourcecode.c.objc; path = AccessLocalCalendarViewController.m; sourceTree = "<group>"; };
		BBC0764F13EBB623008F80DF /* en */ = {isa = PBXFileReference; lastKnownFileType = file.xib; name = en; path = en.lproj/AccessLocalCalendarViewController.xib; sourceTree = "<group>"; };
		BBC0765613EBB635008F80DF /* EventKit.framework */ = {isa = PBXFileReference; lastKnownFileType = wrapper.framework; name = EventKit.framework; path = System/Library/Frameworks/EventKit.framework; sourceTree = SDKROOT; };
		BBC0765813EBB63F008F80DF /* EventKitUI.framework */ = {isa = PBXFileReference; lastKnownFileType = wrapper.framework; name = EventKitUI.framework; path = System/Library/Frameworks/EventKitUI.framework; sourceTree = SDKROOT; };
/* End PBXFileReference section */

/* Begin PBXFrameworksBuildPhase section */
		BBC0762F13EBB622008F80DF /* Frameworks */ = {
			isa = PBXFrameworksBuildPhase;
			buildActionMask = 2147483647;
			files = (
				BB67225B13EFC88E0076E67D /* CoreData.framework in Frameworks */,
				BBC0765913EBB63F008F80DF /* EventKitUI.framework in Frameworks */,
				BBC0765713EBB635008F80DF /* EventKit.framework in Frameworks */,
				BBC0763713EBB623008F80DF /* UIKit.framework in Frameworks */,
				BBC0763913EBB623008F80DF /* Foundation.framework in Frameworks */,
				BBC0763B13EBB623008F80DF /* CoreGraphics.framework in Frameworks */,
			);
			runOnlyForDeploymentPostprocessing = 0;
		};
/* End PBXFrameworksBuildPhase section */

/* Begin PBXGroup section */
		BBC0762713EBB622008F80DF = {
			isa = PBXGroup;
			children = (
				BB67225A13EFC88E0076E67D /* CoreData.framework */,
				BB67225313EFC48F0076E67D /* Table1.h */,
				BB67225413EFC48F0076E67D /* Table1.m */,
				BB67224F13EFC4190076E67D /* Model.xcdatamodeld */,
				BBC0763C13EBB623008F80DF /* AccessLocalCalendar */,
				BBC0763513EBB622008F80DF /* Frameworks */,
				BBC0763313EBB622008F80DF /* Products */,
			);
			sourceTree = "<group>";
		};
		BBC0763313EBB622008F80DF /* Products */ = {
			isa = PBXGroup;
			children = (
				BBC0763213EBB622008F80DF /* AccessLocalCalendar.app */,
			);
			name = Products;
			sourceTree = "<group>";
		};
		BBC0763513EBB622008F80DF /* Frameworks */ = {
			isa = PBXGroup;
			children = (
				BBC0765613EBB635008F80DF /* EventKit.framework */,
				BBC0765813EBB63F008F80DF /* EventKitUI.framework */,
				BBC0763613EBB623008F80DF /* UIKit.framework */,
				BBC0763813EBB623008F80DF /* Foundation.framework */,
				BBC0763A13EBB623008F80DF /* CoreGraphics.framework */,
			);
			name = Frameworks;
			sourceTree = "<group>";
		};
		BBC0763C13EBB623008F80DF /* AccessLocalCalendar */ = {
			isa = PBXGroup;
			children = (
				BBC0764513EBB623008F80DF /* AccessLocalCalendarAppDelegate.h */,
				BBC0764613EBB623008F80DF /* AccessLocalCalendarAppDelegate.m */,
				BBC0764813EBB623008F80DF /* MainWindow.xib */,
				BBC0764B13EBB623008F80DF /* AccessLocalCalendarViewController.h */,
				BBC0764C13EBB623008F80DF /* AccessLocalCalendarViewController.m */,
				BBC0764E13EBB623008F80DF /* AccessLocalCalendarViewController.xib */,
				BBC0763D13EBB623008F80DF /* Supporting Files */,
			);
			path = AccessLocalCalendar;
			sourceTree = "<group>";
		};
		BBC0763D13EBB623008F80DF /* Supporting Files */ = {
			isa = PBXGroup;
			children = (
				BBC0763E13EBB623008F80DF /* AccessLocalCalendar-Info.plist */,
				BBC0763F13EBB623008F80DF /* InfoPlist.strings */,
				BBC0764213EBB623008F80DF /* AccessLocalCalendar-Prefix.pch */,
				BBC0764313EBB623008F80DF /* main.m */,
			);
			name = "Supporting Files";
			sourceTree = "<group>";
		};
/* End PBXGroup section */

/* Begin PBXNativeTarget section */
		BBC0763113EBB622008F80DF /* AccessLocalCalendar */ = {
			isa = PBXNativeTarget;
			buildConfigurationList = BBC0765313EBB623008F80DF /* Build configuration list for PBXNativeTarget "AccessLocalCalendar" */;
			buildPhases = (
				BBC0762E13EBB622008F80DF /* Sources */,
				BBC0762F13EBB622008F80DF /* Frameworks */,
				BBC0763013EBB622008F80DF /* Resources */,
			);
			buildRules = (
			);
			dependencies = (
			);
			name = AccessLocalCalendar;
			productName = AccessLocalCalendar;
			productReference = BBC0763213EBB622008F80DF /* AccessLocalCalendar.app */;
			productType = "com.apple.product-type.application";
		};
/* End PBXNativeTarget section */

/* Begin PBXProject section */
		BBC0762913EBB622008F80DF /* Project object */ = {
			isa = PBXProject;
			attributes = {
				ORGANIZATIONNAME = "diaspark India";
			};
			buildConfigurationList = BBC0762C13EBB622008F80DF /* Build configuration list for PBXProject "AccessLocalCalendar" */;
			compatibilityVersion = "Xcode 3.2";
			developmentRegion = English;
			hasScannedForEncodings = 0;
			knownRegions = (
				en,
			);
			mainGroup = BBC0762713EBB622008F80DF;
			productRefGroup = BBC0763313EBB622008F80DF /* Products */;
			projectDirPath = "";
			projectRoot = "";
			targets = (
				BBC0763113EBB622008F80DF /* AccessLocalCalendar */,
			);
		};
/* End PBXProject section */

/* Begin PBXResourcesBuildPhase section */
		BBC0763013EBB622008F80DF /* Resources */ = {
			isa = PBXResourcesBuildPhase;
			buildActionMask = 2147483647;
			files = (
				BBC0764113EBB623008F80DF /* InfoPlist.strings in Resources */,
				BBC0764A13EBB623008F80DF /* MainWindow.xib in Resources */,
				BBC0765013EBB623008F80DF /* AccessLocalCalendarViewController.xib in Resources */,
			);
			runOnlyForDeploymentPostprocessing = 0;
		};
/* End PBXResourcesBuildPhase section */

/* Begin PBXSourcesBuildPhase section */
		BBC0762E13EBB622008F80DF /* Sources */ = {
			isa = PBXSourcesBuildPhase;
			buildActionMask = 2147483647;
			files = (
				BBC0764413EBB623008F80DF /* main.m in Sources */,
				BBC0764713EBB623008F80DF /* AccessLocalCalendarAppDelegate.m in Sources */,
				BBC0764D13EBB623008F80DF /* AccessLocalCalendarViewController.m in Sources */,
				BB67225113EFC4190076E67D /* Model.xcdatamodeld in Sources */,
				BB67225513EFC48F0076E67D /* Table1.m in Sources */,
			);
			runOnlyForDeploymentPostprocessing = 0;
		};
/* End PBXSourcesBuildPhase section */

/* Begin PBXVariantGroup section */
		BBC0763F13EBB623008F80DF /* InfoPlist.strings */ = {
			isa = PBXVariantGroup;
			children = (
				BBC0764013EBB623008F80DF /* en */,
			);
			name = InfoPlist.strings;
			sourceTree = "<group>";
		};
		BBC0764813EBB623008F80DF /* MainWindow.xib */ = {
			isa = PBXVariantGroup;
			children = (
				BBC0764913EBB623008F80DF /* en */,
			);
			name = MainWindow.xib;
			sourceTree = "<group>";
		};
		BBC0764E13EBB623008F80DF /* AccessLocalCalendarViewController.xib */ = {
			isa = PBXVariantGroup;
			children = (
				BBC0764F13EBB623008F80DF /* en */,
			);
			name = AccessLocalCalendarViewController.xib;
			sourceTree = "<group>";
		};
/* End PBXVariantGroup section */

/* Begin XCBuildConfiguration section */
		BBC0765113EBB623008F80DF /* Debug */ = {
			isa = XCBuildConfiguration;
			buildSettings = {
				ARCHS = "$(ARCHS_STANDARD_32_BIT)";
				"CODE_SIGN_IDENTITY[sdk=iphoneos*]" = "iPhone Developer";
				GCC_C_LANGUAGE_STANDARD = gnu99;
				GCC_OPTIMIZATION_LEVEL = 0;
				GCC_PREPROCESSOR_DEFINITIONS = DEBUG;
				GCC_SYMBOLS_PRIVATE_EXTERN = NO;
				GCC_VERSION = com.apple.compilers.llvmgcc42;
				GCC_WARN_ABOUT_RETURN_TYPE = YES;
				GCC_WARN_UNUSED_VARIABLE = YES;
				IPHONEOS_DEPLOYMENT_TARGET = 4.3;
				SDKROOT = iphoneos;
			};
			name = Debug;
		};
		BBC0765213EBB623008F80DF /* Release */ = {
			isa = XCBuildConfiguration;
			buildSettings = {
				ARCHS = "$(ARCHS_STANDARD_32_BIT)";
				"CODE_SIGN_IDENTITY[sdk=iphoneos*]" = "iPhone Developer";
				GCC_C_LANGUAGE_STANDARD = gnu99;
				GCC_VERSION = com.apple.compilers.llvmgcc42;
				GCC_WARN_ABOUT_RETURN_TYPE = YES;
				GCC_WARN_UNUSED_VARIABLE = YES;
				IPHONEOS_DEPLOYMENT_TARGET = 4.3;
				OTHER_CFLAGS = "-DNS_BLOCK_ASSERTIONS=1";
				SDKROOT = iphoneos;
			};
			name = Release;
		};
		BBC0765413EBB623008F80DF /* Debug */ = {
			isa = XCBuildConfiguration;
			buildSettings = {
				ALWAYS_SEARCH_USER_PATHS = NO;
				"CODE_SIGN_IDENTITY[sdk=iphoneos*]" = "iPhone Developer: sumit swarnkar (WP48NZ8MGA)";
				COPY_PHASE_STRIP = NO;
				GCC_DYNAMIC_NO_PIC = NO;
				GCC_PRECOMPILE_PREFIX_HEADER = YES;
				GCC_PREFIX_HEADER = "AccessLocalCalendar/AccessLocalCalendar-Prefix.pch";
				INFOPLIST_FILE = "AccessLocalCalendar/AccessLocalCalendar-Info.plist";
				IPHONEOS_DEPLOYMENT_TARGET = 4.2;
				PRODUCT_NAME = "$(TARGET_NAME)";
				"PROVISIONING_PROFILE[sdk=iphoneos*]" = "83B3B00E-7040-49A5-897C-1242FC497D6D";
				WRAPPER_EXTENSION = app;
			};
			name = Debug;
		};
		BBC0765513EBB623008F80DF /* Release */ = {
			isa = XCBuildConfiguration;
			buildSettings = {
				ALWAYS_SEARCH_USER_PATHS = NO;
				"CODE_SIGN_IDENTITY[sdk=iphoneos*]" = "iPhone Developer: sumit swarnkar (WP48NZ8MGA)";
				COPY_PHASE_STRIP = YES;
				GCC_PRECOMPILE_PREFIX_HEADER = YES;
				GCC_PREFIX_HEADER = "AccessLocalCalendar/AccessLocalCalendar-Prefix.pch";
				INFOPLIST_FILE = "AccessLocalCalendar/AccessLocalCalendar-Info.plist";
				IPHONEOS_DEPLOYMENT_TARGET = 4.2;
				PRODUCT_NAME = "$(TARGET_NAME)";
				"PROVISIONING_PROFILE[sdk=iphoneos*]" = "83B3B00E-7040-49A5-897C-1242FC497D6D";
				VALIDATE_PRODUCT = YES;
				WRAPPER_EXTENSION = app;
			};
			name = Release;
		};
/* End XCBuildConfiguration section */

/* Begin XCConfigurationList section */
		BBC0762C13EBB622008F80DF /* Build configuration list for PBXProject "AccessLocalCalendar" */ = {
			isa = XCConfigurationList;
			buildConfigurations = (
				BBC0765113EBB623008F80DF /* Debug */,
				BBC0765213EBB623008F80DF /* Release */,
			);
			defaultConfigurationIsVisible = 0;
			defaultConfigurationName = Release;
		};
		BBC0765313EBB623008F80DF /* Build configuration list for PBXNativeTarget "AccessLocalCalendar" */ = {
			isa = XCConfigurationList;
			buildConfigurations = (
				BBC0765413EBB623008F80DF /* Debug */,
				BBC0765513EBB623008F80DF /* Release */,
			);
			defaultConfigurationIsVisible = 0;
			defaultConfigurationName = Release;
		};
/* End XCConfigurationList section */

/* Begin XCVersionGroup section */
		BB67224F13EFC4190076E67D /* Model.xcdatamodeld */ = {
			isa = XCVersionGroup;
			children = (
				BB67225013EFC4190076E67D /* Model.xcdatamodel */,
			);
			currentVersion = BB67225013EFC4190076E67D /* Model.xcdatamodel */;
			path = Model.xcdatamodeld;
			sourceTree = "<group>";
			versionGroupType = wrapper.xcdatamodel;
		};
/* End XCVersionGroup section */
	};
	rootObject = BBC0762913EBB622008F80DF /* Project object */;
}
